{
  "lockfileVersion": 1,
  "configVersion": 1,
  "workspaces": {
    "": {
      "name": "@freegent/openextract-service",
      "dependencies": {
        "@mozilla/readability": "0.6.0",
        "camoufox-js": "0.12.0",
        "cheerio": "1.2.0",
        "domhandler": "6.0.1",
        "fingerprint-generator": "2.1.86",
        "fingerprint-injector": "2.1.86",
        "impit": "0.14.1",
        "linkedom": "0.18.12",
        "patchright": "1.61.1",
        "turndown": "7.2.4",
        "turndown-plugin-gfm": "1.0.2",
        "unpdf": "1.6.2",
        "zod": "4.4.3",
      },
      "devDependencies": {
        "@types/bun": "latest",
        "@types/turndown": "5.0.6",
        "typescript": "^5.9.2",
      },
    },
  },
  "packages": {
    "@mixmark-io/domino": ["@mixmark-io/domino@2.2.0", "", {}, "sha512-Y28PR25bHXUg88kCV7nivXrP2Nj2RueZ3/l/jdx6J9f8J4nsEGcgX0Qe6lt7Pa+J79+kPiJU3LguR6O/6zrLOw=="],

    "@mozilla/readability": ["@mozilla/readability@0.6.0", "", {}, "sha512-juG5VWh4qAivzTAeMzvY9xs9HY5rAcr2E4I7tiSSCokRFi7XIZCAu92ZkSTsIj1OPceCifL3cpfteP3pDT9/QQ=="],

    "@sindresorhus/is": ["@sindresorhus/is@4.6.0", "", {}, "sha512-t09vSN3MdfsyCHoFcTRCH/iUtG7OJ0CsjzB8cjAmKc/va/kIgeDI/TxsigdncE/4be734m0cvIYwNaV4i2XqAw=="],

    "@types/bun": ["@types/bun@1.3.14", "", { "dependencies": { "bun-types": "1.3.14" } }, "sha512-h1hFqFVcvAvD9j9K7ZW7vd82aSA+rTdznZa+5bwvCwqSB1jmmfLcbIWhOLx1/+boy/xmjgCs/OMUL8hRJSmnPw=="],

    "@types/node": ["@types/node@26.1.1", "", { "dependencies": { "undici-types": "~8.3.0" } }, "sha512-nxAkRSVkN1Y0JC1W8ky/fTfkGsMmcrRsbx+3XoZE+rMOX71kLYTV7fLXpqud1GpbpP5TuffXFqfX7fH2GgZREw=="],

    "@types/turndown": ["@types/turndown@5.0.6", "", {}, "sha512-ru00MoyeeouE5BX4gRL+6m/BsDfbRayOskWqUvh7CLGW+UXxHQItqALa38kKnOiZPqJrtzJUgAC2+F0rL1S4Pg=="],

    "adm-zip": ["adm-zip@0.6.0", "", {}, "sha512-XleryMhbuksdKtofnWZ9Sk+4CUTbms4Mb/EU32SZwToAyZ5RgVos/ki8n+yr0LWHOGKuakbXTuuYNHLQjhddgg=="],

    "ansi-regex": ["ansi-regex@5.0.1", "", {}, "sha512-quJQXlTSUGL2LH9SUXo8VwsY4soanhgo6LNSm84E1LBcE8s3O0wpdiRzyR9z/ZZJMlMWv37qOOb9pdJlMUEKFQ=="],

    "balanced-match": ["balanced-match@4.0.4", "", {}, "sha512-BLrgEcRTwX2o6gGxGOCNyMvGSp35YofuYzw9h1IMTRmKqttAZZVU67bdb9Pr2vUHA8+j3i2tJfjO6C6+4myGTA=="],

    "baseline-browser-mapping": ["baseline-browser-mapping@2.11.8", "", { "bin": { "baseline-browser-mapping": "dist/cli.cjs" } }, "sha512-zAgkquC2WYF0PIc6XbNYkA2uuxxFavzgmX61R+dHDUa558V8Ejf8ozTZFR6QzM24RWu4kBcRkhJ5kpz77j9fnQ=="],

    "better-sqlite3": ["better-sqlite3@13.0.3", "", { "dependencies": { "node-addon-api": "^8.0.0" } }, "sha512-RbOBxmLBG8uvFUc15X9+9SFemKcQ0WBuISBVkpuiaUB2qblC8UWlHEjdWVoZ8AdhSwmoEgsiXKfopX0CQxaACQ=="],

    "boolbase": ["boolbase@1.0.0", "", {}, "sha512-JZOSA7Mo9sNGB8+UjSgzdLtokWAky1zbztM3WRLCbZ70/3cTANmQmOdR7y2g+J0e2WXywy1yS468tY+IruqEww=="],

    "brace-expansion": ["brace-expansion@5.0.9", "", { "dependencies": { "balanced-match": "^4.0.2" } }, "sha512-ScQ4IuvIEF1TMlP7Zt+vjJ//9zlPb2SDcxWxM3bk8s6t6GGdJ7KO1dCcTidOPJKePW30LE/2cT7wCyPho9/Wxg=="],

    "browserslist": ["browserslist@4.28.7", "", { "dependencies": { "baseline-browser-mapping": "^2.10.44", "caniuse-lite": "^1.0.30001806", "electron-to-chromium": "^1.5.393", "node-releases": "^2.0.51", "update-browserslist-db": "^1.2.3" }, "bin": { "browserslist": "cli.js" } }, "sha512-JxV13hNrFxqjOc8alRbq9dK1MM79NEXYpma2B2J4wAtpWS5zIEIKqWPGCl7N4o7Uc7B7itylh7SuDujATRyyTw=="],

    "bun-types": ["bun-types@1.3.14", "", { "dependencies": { "@types/node": "*" } }, "sha512-4N0ig0fEomHt5R0KCFWjovxow98rIoRwKolrYdCcknNwMekCXRnWEUvgu5soYV8QXtVsrUD8B95MBOZGPvr6KQ=="],

    "callsites": ["callsites@3.1.0", "", {}, "sha512-P8BjAsXvZS+VIDUI11hHCQEv74YT67YUi5JJFNWIqL235sBmjX4+qx9Muvls5ivyNENctx46xQLQ3aTuE7ssaQ=="],

    "camoufox-js": ["camoufox-js@0.12.0", "", { "dependencies": { "adm-zip": "^0.6.0", "better-sqlite3": "^13.0.1", "cli-progress": "^3.12.0", "commander": "^14.0.0", "fingerprint-generator": "^2.1.86", "glob": "^13.0.0", "impit": "^0.14.1", "language-tags": "^2.0.1", "maxmind": "^5.0.0", "pretty-bytes": "^7.1.0", "ua-parser-js": "^2.0.10", "xml2js": "^0.6.2" }, "peerDependencies": { "playwright-core": "<1.61.0" }, "bin": { "camoufox-js": "dist/__main__.js" } }, "sha512-WvWrSL6IH7NixrmB4PM1NODx9cY2R+V/jv9jrmHMVlR4IHP3uheP6whhv0xsoVhFlKIErky5aYx7uA7oECA/Tg=="],

    "caniuse-lite": ["caniuse-lite@1.0.30001806", "", {}, "sha512-72Cuvd95zbSYPKq6Fhg8eDJRlzgWDf7/mtoZv6Qe/DYNCEBdNxoA3+rZAU2ZhGCpZlns3EssFavaZomckT5Uuw=="],

    "cheerio": ["cheerio@1.2.0", "", { "dependencies": { "cheerio-select": "^2.1.0", "dom-serializer": "^2.0.0", "domhandler": "^5.0.3", "domutils": "^3.2.2", "encoding-sniffer": "^0.2.1", "htmlparser2": "^10.1.0", "parse5": "^7.3.0", "parse5-htmlparser2-tree-adapter": "^7.1.0", "parse5-parser-stream": "^7.1.2", "undici": "^7.19.0", "whatwg-mimetype": "^4.0.0" } }, "sha512-WDrybc/gKFpTYQutKIK6UvfcuxijIZfMfXaYm8NMsPQxSYvf+13fXUJ4rztGGbJcBQ/GF55gvrZ0Bc0bj/mqvg=="],

    "cheerio-select": ["cheerio-select@2.1.0", "", { "dependencies": { "boolbase": "^1.0.0", "css-select": "^5.1.0", "css-what": "^6.1.0", "domelementtype": "^2.3.0", "domhandler": "^5.0.3", "domutils": "^3.0.1" } }, "sha512-9v9kG0LvzrlcungtnJtpGNxY+fzECQKhK4EGJX2vByejiMX84MFNQw4UxPJl3bFbTMw+Dfs37XaIkCwTZfLh4g=="],

    "cli-progress": ["cli-progress@3.12.0", "", { "dependencies": { "string-width": "^4.2.3" } }, "sha512-tRkV3HJ1ASwm19THiiLIXLO7Im7wlTuKnvkYaTkyoAPefqjNg7W7DHKUlGRxy9vxDvbyCYQkQozvptuMkGCg8A=="],

    "commander": ["commander@14.0.3", "", {}, "sha512-H+y0Jo/T1RZ9qPP4Eh1pkcQcLRglraJaSLoyOtHxu6AapkjWVCy2Sit1QQ4x3Dng8qDlSsZEet7g5Pq06MvTgw=="],

    "css-select": ["css-select@5.2.2", "", { "dependencies": { "boolbase": "^1.0.0", "css-what": "^6.1.0", "domhandler": "^5.0.2", "domutils": "^3.0.1", "nth-check": "^2.0.1" } }, "sha512-TizTzUddG/xYLA3NXodFM0fSbNizXjOKhqiQQwvhlspadZokn1KDy0NZFS0wuEubIYAV5/c1/lAr0TaaFXEXzw=="],

    "css-what": ["css-what@6.2.2", "", {}, "sha512-u/O3vwbptzhMs3L1fQE82ZSLHQQfto5gyZzwteVIEyeaY5Fc7R4dapF/BvRoSYFeqfBk4m0V1Vafq5Pjv25wvA=="],

    "cssom": ["cssom@0.5.0", "", {}, "sha512-iKuQcq+NdHqlAcwUY0o/HL69XQrUaQdMjmStJ8JFmUaiiQErlhrmuigkg/CU4E2J0IyUKUrMAgl36TvN67MqTw=="],

    "detect-europe-js": ["detect-europe-js@0.1.2", "", {}, "sha512-lgdERlL3u0aUdHocoouzT10d9I89VVhk0qNRmll7mXdGfJT1/wqZ2ZLA4oJAjeACPY5fT1wsbq2AT+GkuInsow=="],

    "dom-serializer": ["dom-serializer@2.0.0", "", { "dependencies": { "domelementtype": "^2.3.0", "domhandler": "^5.0.2", "entities": "^4.2.0" } }, "sha512-wIkAryiqt/nV5EQKqQpo3SToSOV9J0DnbJqwK7Wv/Trc92zIAYZ4FlMu+JPFW1DfGFt81ZTCGgDEabffXeLyJg=="],

    "domelementtype": ["domelementtype@3.0.0", "", {}, "sha512-umCQid3jKbDmVjx8jGaW7uUykm4DEUeyV21hPxNMo2nV955DhUThwqyOIDtreepP31hl84X7G5U9ZfsWvIB3Pg=="],

    "domhandler": ["domhandler@6.0.1", "", { "dependencies": { "domelementtype": "^3.0.0" } }, "sha512-gYzvtM72ZtxQO0T048kd6HWSbbGCNOUwcnfQ01cqIJ4X2IYKFFHZ5mKvrQETcFXxsRObZulDaKmy//R7TPtsBg=="],

    "domutils": ["domutils@3.2.2", "", { "dependencies": { "dom-serializer": "^2.0.0", "domelementtype": "^2.3.0", "domhandler": "^5.0.3" } }, "sha512-6kZKyUajlDuqlHKVX1w7gyslj9MPIXzIFiz/rGu35uC1wMi+kMhQwGhl4lt9unC9Vb9INnY9Z3/ZA3+FhASLaw=="],

    "dot-prop": ["dot-prop@6.0.1", "", { "dependencies": { "is-obj": "^2.0.0" } }, "sha512-tE7ztYzXHIeyvc7N+hR3oi7FIbf/NIjVP9hmAt3yMXzrQ072/fpjGLx2GxNxGxUl5V73MEqYzioOMoVhGMJ5cA=="],

    "electron-to-chromium": ["electron-to-chromium@1.5.398", "", {}, "sha512-AsvhAxopJGh6museTDMIjn6JpDYOfgu4RLlygomt87MUwBUqTfd/1EiPtx10/LZE8xpTvkP2E9Gafq7lkLtodQ=="],

    "emoji-regex": ["emoji-regex@8.0.0", "", {}, "sha512-MSjYzcWNOA0ewAHpz0MxpYFvwg6yjy1NG3xteoqz644VCo/RPgnr1/GGt+ic3iJTzQ8Eu3TdM14SawnVUmGE6A=="],

    "encoding-sniffer": ["encoding-sniffer@0.2.1", "", { "dependencies": { "iconv-lite": "^0.6.3", "whatwg-encoding": "^3.1.1" } }, "sha512-5gvq20T6vfpekVtqrYQsSCFZ1wEg5+wW0/QaZMWkFr6BqD3NfKs0rLCx4rrVlSWJeZb5NBJgVLswK/w2MWU+Gw=="],

    "entities": ["entities@4.5.0", "", {}, "sha512-V0hjH4dGPh9Ao5p0MoRY6BVqtwCjhz6vI5LT8AJ55H+4g9/4vbHx1I54fS0XuclLhDHArPQCiMjDxjaL8fPxhw=="],

    "escalade": ["escalade@3.2.0", "", {}, "sha512-WUj2qlxaQtO4g6Pq5c29GTcWGDyd8itL8zTlipgECz3JesAiiOKotd8JU6otB3PACgG6xkJUyVhboMS+bje/jA=="],

    "fingerprint-generator": ["fingerprint-generator@2.1.86", "", { "dependencies": { "generative-bayesian-network": "2.1.86", "header-generator": "2.1.86", "tslib": "^2.4.0" } }, "sha512-glgFzkpjS+zR5yTpCK43Amm6kialJIZ0RjPhCiFVXjHseRi7aXqDBXenOay7W9PVqmQupKIG2DJBCoqhf1HCQw=="],

    "fingerprint-injector": ["fingerprint-injector@2.1.86", "", { "dependencies": { "fingerprint-generator": "2.1.86", "tslib": "^2.4.0" }, "peerDependencies": { "playwright": "^1.22.2", "puppeteer": ">= 9.x" }, "optionalPeers": ["playwright", "puppeteer"] }, "sha512-TXIafoCHHS31BLd5o5bGS/ZSNkDsQd0ATEU1CliNI9LUQdMzdUOeB3Q3hHUFQSPafPfi0SdHa+fmLp/chCgf5g=="],

    "fsevents": ["fsevents@2.3.2", "", { "os": "darwin" }, "sha512-xiqMQR4xAeHTuB9uWm+fFRcIOgKBMiOBP+eXiyT7jsgVCq1bkVygt00oASowB7EdtpOHaaPgKt812P9ab+DDKA=="],

    "generative-bayesian-network": ["generative-bayesian-network@2.1.86", "", { "dependencies": { "adm-zip": "^0.6.0", "tslib": "^2.4.0" } }, "sha512-4+cZAUH6khje/EUKRlTlO+HpjA7aqvDlVBnBSJKZqC6qiJ3EitNZ97//xYrBbawZCHe1S1PGLza6knQTFpWCgw=="],

    "glob": ["glob@13.0.6", "", { "dependencies": { "minimatch": "^10.2.2", "minipass": "^7.1.3", "path-scurry": "^2.0.2" } }, "sha512-Wjlyrolmm8uDpm/ogGyXZXb1Z+Ca2B8NbJwqBVg0axK9GbBeoS7yGV6vjXnYdGm6X53iehEuxxbyiKp8QmN4Vw=="],

    "header-generator": ["header-generator@2.1.86", "", { "dependencies": { "browserslist": "^4.21.1", "generative-bayesian-network": "2.1.86", "ow": "^0.28.1", "tslib": "^2.4.0" } }, "sha512-Nj+glwXBEU3PvvAT1WiC3FBhX1ReZZY+ADXIo2iTRqMzamLW0olJk7q/EJ6N3qJBqQWZJDJonAJRtAlzEFynLQ=="],

    "html-escaper": ["html-escaper@3.0.3", "", {}, "sha512-RuMffC89BOWQoY0WKGpIhn5gX3iI54O6nRA0yC124NYVtzjmFWBIiFd8M0x+ZdX0P9R4lADg1mgP8C7PxGOWuQ=="],

    "htmlparser2": ["htmlparser2@10.1.0", "", { "dependencies": { "domelementtype": "^2.3.0", "domhandler": "^5.0.3", "domutils": "^3.2.2", "entities": "^7.0.1" } }, "sha512-VTZkM9GWRAtEpveh7MSF6SjjrpNVNNVJfFup7xTY3UpFtm67foy9HDVXneLtFVt4pMz5kZtgNcvCniNFb1hlEQ=="],

    "iconv-lite": ["iconv-lite@0.6.3", "", { "dependencies": { "safer-buffer": ">= 2.1.2 < 3.0.0" } }, "sha512-4fCk79wshMdzMp2rH06qWrJE4iolqLhCUH+OiuIgU++RB0+94NlDL81atO7GX55uUKueo0txHNtvEyI6D7WdMw=="],

    "impit": ["impit@0.14.1", "", { "optionalDependencies": { "impit-darwin-arm64": "0.14.1", "impit-darwin-x64": "0.14.1", "impit-linux-arm64-gnu": "0.14.1", "impit-linux-arm64-musl": "0.14.1", "impit-linux-x64-gnu": "0.14.1", "impit-linux-x64-musl": "0.14.1", "impit-win32-arm64-msvc": "0.14.1", "impit-win32-x64-msvc": "0.14.1" } }, "sha512-ooFuGjrJzV16S5y4t7ICpfaAapNRrrUCv3cd5xIPKUqbbgKtx7CbVB+w+YRDMntoHwjuZ9ijI2AM8hMKISbvcw=="],

    "impit-darwin-arm64": ["impit-darwin-arm64@0.14.1", "", { "os": "darwin", "cpu": "arm64" }, "sha512-K3KXto3gzR60kOFFxRmuxPNl3sPhdTLLpjBIW3RKD6vJFiGV5YH/T218WBECygPxRaIhESfsxfcOYrP53bHgFw=="],

    "impit-darwin-x64": ["impit-darwin-x64@0.14.1", "", { "os": "darwin", "cpu": "x64" }, "sha512-k+w8SBHUtLX3KbzsCqSmcwitHfbOXXsLryL++KVahtFqU5D93T1buoTANnd63/mm5dNyadecIGG0MQ7SwvWx8g=="],

    "impit-linux-arm64-gnu": ["impit-linux-arm64-gnu@0.14.1", "", { "os": "linux", "cpu": "arm64" }, "sha512-yBT7h6cVHL/hefzI/qjJc22fKP386O0inReOpUzCnb4SGnwhEHvL9nJk3OzU2prO9vvKNKSb6vfRBcvQ8HHH1g=="],

    "impit-linux-arm64-musl": ["impit-linux-arm64-musl@0.14.1", "", { "os": "linux", "cpu": "arm64" }, "sha512-lFatihYntVIN814AnoNm/hSw5iONLKt6XtaAaJahZNdJOU+zsclcg9pbK0/61aENamkpIBpok/H8j5Sw/Xjuuw=="],

    "impit-linux-x64-gnu": ["impit-linux-x64-gnu@0.14.1", "", { "os": "linux", "cpu": "x64" }, "sha512-oioVQzHqSi68BzxRpVLbNv9HRgOxAA21QNlzCMyeEM3/c02MkURCQ1W66yAlEFOR1gaqPZDJi/ymnmIGk6+PjQ=="],

    "impit-linux-x64-musl": ["impit-linux-x64-musl@0.14.1", "", { "os": "linux", "cpu": "x64" }, "sha512-v7fBi405zZepQo0LqH51H+aXc/MYEtrQviIK+34kEqFBYOaSC9+wFZrs6A4WwrF9DaUuRZ3klisljwglN7rxDQ=="],

    "impit-win32-arm64-msvc": ["impit-win32-arm64-msvc@0.14.1", "", { "os": "win32", "cpu": "arm64" }, "sha512-W4kPvvra8dXDdtJQbkxWPCCouUlZpOrLqHsJ7gc8CwAr69ljZqw6v+qB395nCD1rn3u32dV4d4fjBsyMdolQoA=="],

    "impit-win32-x64-msvc": ["impit-win32-x64-msvc@0.14.1", "", { "os": "win32", "cpu": "x64" }, "sha512-gwzWsaORyzq294t8CCxfHAmqulnQNQZK8ad8YM6oQaGVXeUFa8r/ZnR+PglfYcrYF/GbYwGrf9U8StUU8KFLmQ=="],

    "is-fullwidth-code-point": ["is-fullwidth-code-point@3.0.0", "", {}, "sha512-zymm5+u+sCsSWyD9qNaejV3DFvhCKclKdizYaJUuHA83RLjb7nSuGnddCHGv0hk+KY7BMAlsWeK4Ueg6EV6XQg=="],

    "is-obj": ["is-obj@2.0.0", "", {}, "sha512-drqDG3cbczxxEJRoOXcOjtdp1J/lyp1mNn0xaznRs8+muBhgQcrnbspox5X5fOw0HnMnbfDzvnEMEtqDEJEo8w=="],

    "is-standalone-pwa": ["is-standalone-pwa@0.1.1", "", {}, "sha512-9Cbovsa52vNQCjdXOzeQq5CnCbAcRk05aU62K20WO372NrTv0NxibLFCK6lQ4/iZEFdEA3p3t2VNOn8AJ53F5g=="],

    "language-subtag-registry": ["language-subtag-registry@0.3.23", "", {}, "sha512-0K65Lea881pHotoGEa5gDlMxt3pctLi2RplBb7Ezh4rRdLEOtgi7n4EwK9lamnUCkKBqaeKRVebTq6BAxSkpXQ=="],

    "language-tags": ["language-tags@2.1.0", "", { "dependencies": { "language-subtag-registry": "^0.3.20" } }, "sha512-D4CgpyCt+61f6z2jHjJS1OmZPviAWM57iJ9OKdFFWSNgS7Udj9QVWqyGs/cveVNF57XpZmhSvMdVIV5mjLA7Vg=="],

    "linkedom": ["linkedom@0.18.12", "", { "dependencies": { "css-select": "^5.1.0", "cssom": "^0.5.0", "html-escaper": "^3.0.3", "htmlparser2": "^10.0.0", "uhyphen": "^0.2.0" }, "peerDependencies": { "canvas": ">= 2" }, "optionalPeers": ["canvas"] }, "sha512-jalJsOwIKuQJSeTvsgzPe9iJzyfVaEJiEXl+25EkKevsULHvMJzpNqwvj1jOESWdmgKDiXObyjOYwlUqG7wo1Q=="],

    "lodash.isequal": ["lodash.isequal@4.5.0", "", {}, "sha512-pDo3lu8Jhfjqls6GkMgpahsF9kCyayhgykjyLMNFTKWrpVdAQtYyB4muAMWozBB4ig/dtWAmsMxLEI8wuz+DYQ=="],

    "lru-cache": ["lru-cache@11.5.2", "", {}, "sha512-4pfM1Ff0x50o0tQwb5ucw/RzNyD0/YJME6IVcStalZuMWxdt3sR3huStTtxz4PUmvZfRguvDejasvQ2kifR11g=="],

    "maxmind": ["maxmind@5.0.7", "", { "dependencies": { "mmdb-lib": "3.0.3", "tiny-lru": "13.0.0" } }, "sha512-+w637dwfv01MKjkrp4sKDBTEKHLPvWLYb647QTjiz3wG/teSemqudIKNShaS6eqZ7ffxC9oZlQQgIqY0rGojog=="],

    "minimatch": ["minimatch@10.2.6", "", { "dependencies": { "brace-expansion": "^5.0.8" } }, "sha512-vpLQEs+VLCr1nU0BXS07maYoFwlDAH0gngQuuttxIwutDFEMHq2blX+8vpgxDdK3J1PwjCJiep77OitTZ4Ll1A=="],

    "minipass": ["minipass@7.1.3", "", {}, "sha512-tEBHqDnIoM/1rXME1zgka9g6Q2lcoCkxHLuc7ODJ5BxbP5d4c2Z5cGgtXAku59200Cx7diuHTOYfSBD8n6mm8A=="],

    "mmdb-lib": ["mmdb-lib@3.0.3", "", {}, "sha512-xQPoBXcNjjHiOvOraFBKtA++uNWF6aCVHL9dRKFXEov8eI3QJwtgiw3qApsonFT5SpoqsEVISUTg3HIDs2DiXw=="],

    "node-addon-api": ["node-addon-api@8.9.2", "", {}, "sha512-VijLXbi3UACN69I0JVXJsX4tjACjNoQDgv2gTF6sx2wWEi8tkSg2eX8p5gSIFi8z2+DL3oHmY6OyKce38SDolg=="],

    "node-releases": ["node-releases@2.0.51", "", {}, "sha512-wRNIrw4DmVLKQlbgOMdkMx27Wrpzes2hh5Jtbi2bjPd+4wJstWIqP5A+lscnqbm0xxmT5Bpg8Lec5ItEBwx6BQ=="],

    "nth-check": ["nth-check@2.1.1", "", { "dependencies": { "boolbase": "^1.0.0" } }, "sha512-lqjrjmaOoAnWfMmBPL+XNnynZh2+swxiX3WUE0s4yEHI6m+AwrK2UZOimIRl3X/4QctVqS8AiZjFqyOGrMXb/w=="],

    "ow": ["ow@0.28.2", "", { "dependencies": { "@sindresorhus/is": "^4.2.0", "callsites": "^3.1.0", "dot-prop": "^6.0.1", "lodash.isequal": "^4.5.0", "vali-date": "^1.0.0" } }, "sha512-dD4UpyBh/9m4X2NVjA+73/ZPBRF+uF4zIMFvvQsabMiEK8x41L3rQ8EENOi35kyyoaJwNxEeJcP6Fj1H4U409Q=="],

    "parse5": ["parse5@7.3.0", "", { "dependencies": { "entities": "^6.0.0" } }, "sha512-IInvU7fabl34qmi9gY8XOVxhYyMyuH2xUNpb2q8/Y+7552KlejkRvqvD19nMoUW/uQGGbqNpA6Tufu5FL5BZgw=="],

    "parse5-htmlparser2-tree-adapter": ["parse5-htmlparser2-tree-adapter@7.1.0", "", { "dependencies": { "domhandler": "^5.0.3", "parse5": "^7.0.0" } }, "sha512-ruw5xyKs6lrpo9x9rCZqZZnIUntICjQAd0Wsmp396Ul9lN/h+ifgVV1x1gZHi8euej6wTfpqX8j+BFQxF0NS/g=="],

    "parse5-parser-stream": ["parse5-parser-stream@7.1.2", "", { "dependencies": { "parse5": "^7.0.0" } }, "sha512-JyeQc9iwFLn5TbvvqACIF/VXG6abODeB3Fwmv/TGdLk2LfbWkaySGY72at4+Ty7EkPZj854u4CrICqNk2qIbow=="],

    "patchright": ["patchright@1.61.1", "", { "dependencies": { "patchright-core": "1.61.1" }, "optionalDependencies": { "fsevents": "2.3.2" }, "bin": { "patchright": "cli.js" } }, "sha512-kZWNZ2tunsBMTBWtARFVWaNvB739GOybTlIPLT91eyx0YERjtUjESawomwO0hnOh6jt1L3Sru0PK62ylYOfqQw=="],

    "patchright-core": ["patchright-core@1.61.1", "", { "bin": { "patchright-core": "cli.js" } }, "sha512-d6Ju67DE6OzqlEX3WPvUX2SLEs6iMY1WERit//mpsrT98VHcztaUo0CBw2Lpxq25VdufVEiWEdcc0HnLwdiq6A=="],

    "path-scurry": ["path-scurry@2.0.2", "", { "dependencies": { "lru-cache": "^11.0.0", "minipass": "^7.1.2" } }, "sha512-3O/iVVsJAPsOnpwWIeD+d6z/7PmqApyQePUtCndjatj/9I5LylHvt5qluFaBT3I5h3r1ejfR056c+FCv+NnNXg=="],

    "picocolors": ["picocolors@1.1.1", "", {}, "sha512-xceH2snhtb5M9liqDsmEw56le376mTZkEX/jEb/RxNFyegNul7eNslCXP9FDj/Lcu0X8KEyMceP2ntpaHrDEVA=="],

    "playwright-core": ["playwright-core@1.60.0", "", { "bin": { "playwright-core": "cli.js" } }, "sha512-9bW6zvX/m0lEbgTKJ6YppOKx8H3VOPBMOCFh2irXFOT4BbHgrx5hPjwJYLT40Lu+4qtD36qKc/Hn56StUW57IA=="],

    "pretty-bytes": ["pretty-bytes@7.1.3", "", {}, "sha512-U2KZ675nqba6XSBppSjU2pRgc9Ffx9+uUtd/RTWYmOawVkZuUbBYuwdtFZQmLv+yMgQ2TQxWWuOpyNje67J9tg=="],

    "safer-buffer": ["safer-buffer@2.1.2", "", {}, "sha512-YZo3K82SD7Riyi0E1EQPojLz7kpepnSQI9IyPbHHg1XXXevb5dJI7tpyN2ADxGcQbHG7vcyRHk0cbwqcQriUtg=="],

    "sax": ["sax@1.6.1", "", {}, "sha512-42tBVwLWnaQvW5zc4HbZrTuWccECCZfBi92FDuwtqxasH+JbPB3/FOKb1m222K42R4WxuxzzMsTswfzgtSu64Q=="],

    "string-width": ["string-width@4.2.3", "", { "dependencies": { "emoji-regex": "^8.0.0", "is-fullwidth-code-point": "^3.0.0", "strip-ansi": "^6.0.1" } }, "sha512-wKyQRQpjJ0sIp62ErSZdGsjMJWsap5oRNihHhu6G7JVO/9jIB6UyevL+tXuOqrng8j/cxKTWyWUwvSTriiZz/g=="],

    "strip-ansi": ["strip-ansi@6.0.1", "", { "dependencies": { "ansi-regex": "^5.0.1" } }, "sha512-Y38VPSHcqkFrCpFnQ9vuSXmquuv5oXOKpGeT6aGrr3o3Gc9AlVa6JBfUSOCnbxGGZF+/0ooI7KrPuUSztUdU5A=="],

    "tiny-lru": ["tiny-lru@13.0.0", "", {}, "sha512-xDHxKKS1FdF0Tv2P+QT7IeSEg74K/8cEDzbv3Tv6UyHHUgBOjOiQiBp818MGj66dhurQus/IBcoAbwIKtSGc6Q=="],

    "tslib": ["tslib@2.8.1", "", {}, "sha512-oJFu94HQb+KVduSUQL7wnpmqnfmLsOA/nAh6b6EH0wCEoK0/mPeXU6c3wKDV83MkOuHPRHtSXKKU99IBazS/2w=="],

    "turndown": ["turndown@7.2.4", "", { "dependencies": { "@mixmark-io/domino": "^2.2.0" } }, "sha512-I8yFsfRzmzK0WV1pNNOA4A7y4RDfFxPRxb3t+e3ui14qSGOxGtiSP6GjeX+Y6CHb7HYaFj7ECUD7VE5kQMZWGQ=="],

    "turndown-plugin-gfm": ["turndown-plugin-gfm@1.0.2", "", {}, "sha512-vwz9tfvF7XN/jE0dGoBei3FXWuvll78ohzCZQuOb+ZjWrs3a0XhQVomJEb2Qh4VHTPNRO4GPZh0V7VRbiWwkRg=="],

    "typescript": ["typescript@5.9.3", "", { "bin": { "tsc": "bin/tsc", "tsserver": "bin/tsserver" } }, "sha512-jl1vZzPDinLr9eUt3J/t7V6FgNEw9QjvBPdysz9KfQDD41fQrC2Y4vKQdiaUpFT4bXlb1RHhLpp8wtm6M5TgSw=="],

    "ua-is-frozen": ["ua-is-frozen@0.1.2", "", {}, "sha512-RwKDW2p3iyWn4UbaxpP2+VxwqXh0jpvdxsYpZ5j/MLLiQOfbsV5shpgQiw93+KMYQPcteeMQ289MaAFzs3G9pw=="],

    "ua-parser-js": ["ua-parser-js@2.0.10", "", { "dependencies": { "detect-europe-js": "^0.1.2", "is-standalone-pwa": "^0.1.1", "ua-is-frozen": "^0.1.2" }, "bin": { "ua-parser-js": "script/cli.js" } }, "sha512-t+3Ktbq0Ies2vaSezfOaWiolH4OigQIO1dk+1xDpOydB1COVPocVYOrEV5rqZ0kFY9XYG1v9LutCyMgYBpABcw=="],

    "uhyphen": ["uhyphen@0.2.0", "", {}, "sha512-qz3o9CHXmJJPGBdqzab7qAYuW8kQGKNEuoHFYrBwV6hWIMcpAmxDLXojcHfFr9US1Pe6zUswEIJIbLI610fuqA=="],

    "undici": ["undici@7.29.0", "", {}, "sha512-IDxfleLmmbSskfWSUATiN1nfn2rDuvnMOqb5CWR92iIfojA0Ud+ulOAAEQ57LPr9rWmsreUyf5lwyao+7GNNVw=="],

    "undici-types": ["undici-types@8.3.0", "", {}, "sha512-j375ScV60dom+YkPFIfTLcOiPxkN/buHz5GobjLhixFuANaNs3C9l4GmrWqejgXWJ7BbJcFYpTEUkS1Ge8bpZQ=="],

    "unpdf": ["unpdf@1.6.2", "", { "peerDependencies": { "@napi-rs/canvas": "^0.1.69" }, "optionalPeers": ["@napi-rs/canvas"] }, "sha512-zQ80ySoPuPHOsvIoRp/nJyQt8TOUoTh1+WBCGcBvlddQNgKDLRwm0AY3x8Q35I7+kIiRSgqMx+Ma2pl9McIp7A=="],

    "update-browserslist-db": ["update-browserslist-db@1.2.3", "", { "dependencies": { "escalade": "^3.2.0", "picocolors": "^1.1.1" }, "peerDependencies": { "browserslist": ">= 4.21.0" }, "bin": { "update-browserslist-db": "cli.js" } }, "sha512-Js0m9cx+qOgDxo0eMiFGEueWztz+d4+M3rGlmKPT+T4IS/jP4ylw3Nwpu6cpTTP8R1MAC1kF4VbdLt3ARf209w=="],

    "vali-date": ["vali-date@1.0.0", "", {}, "sha512-sgECfZthyaCKW10N0fm27cg8HYTFK5qMWgypqkXMQ4Wbl/zZKx7xZICgcoxIIE+WFAP/MBL2EFwC/YvLxw3Zeg=="],

    "whatwg-encoding": ["whatwg-encoding@3.1.1", "", { "dependencies": { "iconv-lite": "0.6.3" } }, "sha512-6qN4hJdMwfYBtE3YBTTHhoeuUrDBPZmbQaxWAqSALV/MeEnR5z1xd8UKud2RAkFoPkmB+hli1TZSnyi84xz1vQ=="],

    "whatwg-mimetype": ["whatwg-mimetype@4.0.0", "", {}, "sha512-QaKxh0eNIi2mE9p2vEdzfagOKHCcj1pJ56EEHGQOVxp8r9/iszLUUV7v89x9O1p/T+NlTM5W7jW6+cz4Fq1YVg=="],

    "xml2js": ["xml2js@0.6.2", "", { "dependencies": { "sax": ">=0.6.0", "xmlbuilder": "~11.0.0" } }, "sha512-T4rieHaC1EXcES0Kxxj4JWgaUQHDk+qwHcYOCFHfiwKz7tOVPLq7Hjq9dM1WCMhylqMEfP7hMcOIChvotiZegA=="],

    "xmlbuilder": ["xmlbuilder@11.0.1", "", {}, "sha512-fDlsI/kFEx7gLvbecc0/ohLG50fugQp8ryHzMTuW9vSa1GJ0XYWKnhsUx7oie3G98+r56aTQIUB4kht42R3JvA=="],

    "zod": ["zod@4.4.3", "", {}, "sha512-ytENFjIJFl2UwYglde2jchW2Hwm4GJFLDiSXWdTrJQBIN9Fcyp7n4DhxJEiWNAJMV1/BqWfW/kkg71UDcHJyTQ=="],

    "cheerio/domhandler": ["domhandler@5.0.3", "", { "dependencies": { "domelementtype": "^2.3.0" } }, "sha512-cgwlv/1iFQiFnU96XXgROh8xTeetsnJiDsTc7TYCLFd9+/WNkIqPTxiM/8pSd8VIrhXGTf1Ny1q1hquVqDJB5w=="],

    "cheerio-select/domelementtype": ["domelementtype@2.3.0", "", {}, "sha512-OLETBj6w0OsagBwdXnPdN0cnMfF9opN69co+7ZrbfPGrdpPVNBUj02spi6B1N7wChLQiPn4CSH/zJvXw56gmHw=="],

    "cheerio-select/domhandler": ["domhandler@5.0.3", "", { "dependencies": { "domelementtype": "^2.3.0" } }, "sha512-cgwlv/1iFQiFnU96XXgROh8xTeetsnJiDsTc7TYCLFd9+/WNkIqPTxiM/8pSd8VIrhXGTf1Ny1q1hquVqDJB5w=="],

    "css-select/domhandler": ["domhandler@5.0.3", "", { "dependencies": { "domelementtype": "^2.3.0" } }, "sha512-cgwlv/1iFQiFnU96XXgROh8xTeetsnJiDsTc7TYCLFd9+/WNkIqPTxiM/8pSd8VIrhXGTf1Ny1q1hquVqDJB5w=="],

    "dom-serializer/domelementtype": ["domelementtype@2.3.0", "", {}, "sha512-OLETBj6w0OsagBwdXnPdN0cnMfF9opN69co+7ZrbfPGrdpPVNBUj02spi6B1N7wChLQiPn4CSH/zJvXw56gmHw=="],

    "dom-serializer/domhandler": ["domhandler@5.0.3", "", { "dependencies": { "domelementtype": "^2.3.0" } }, "sha512-cgwlv/1iFQiFnU96XXgROh8xTeetsnJiDsTc7TYCLFd9+/WNkIqPTxiM/8pSd8VIrhXGTf1Ny1q1hquVqDJB5w=="],

    "domutils/domelementtype": ["domelementtype@2.3.0", "", {}, "sha512-OLETBj6w0OsagBwdXnPdN0cnMfF9opN69co+7ZrbfPGrdpPVNBUj02spi6B1N7wChLQiPn4CSH/zJvXw56gmHw=="],

    "domutils/domhandler": ["domhandler@5.0.3", "", { "dependencies": { "domelementtype": "^2.3.0" } }, "sha512-cgwlv/1iFQiFnU96XXgROh8xTeetsnJiDsTc7TYCLFd9+/WNkIqPTxiM/8pSd8VIrhXGTf1Ny1q1hquVqDJB5w=="],

    "htmlparser2/domelementtype": ["domelementtype@2.3.0", "", {}, "sha512-OLETBj6w0OsagBwdXnPdN0cnMfF9opN69co+7ZrbfPGrdpPVNBUj02spi6B1N7wChLQiPn4CSH/zJvXw56gmHw=="],

    "htmlparser2/domhandler": ["domhandler@5.0.3", "", { "dependencies": { "domelementtype": "^2.3.0" } }, "sha512-cgwlv/1iFQiFnU96XXgROh8xTeetsnJiDsTc7TYCLFd9+/WNkIqPTxiM/8pSd8VIrhXGTf1Ny1q1hquVqDJB5w=="],

    "htmlparser2/entities": ["entities@7.0.1", "", {}, "sha512-TWrgLOFUQTH994YUyl1yT4uyavY5nNB5muff+RtWaqNVCAK408b5ZnnbNAUEWLTCpum9w6arT70i1XdQ4UeOPA=="],

    "parse5/entities": ["entities@6.0.1", "", {}, "sha512-aN97NXWF6AWBTahfVOIrB/NShkzi5H7F9r1s9mD3cDj4Ko5f2qhhVoYMibXF7GlLveb/D2ioWay8lxI97Ven3g=="],

    "parse5-htmlparser2-tree-adapter/domhandler": ["domhandler@5.0.3", "", { "dependencies": { "domelementtype": "^2.3.0" } }, "sha512-cgwlv/1iFQiFnU96XXgROh8xTeetsnJiDsTc7TYCLFd9+/WNkIqPTxiM/8pSd8VIrhXGTf1Ny1q1hquVqDJB5w=="],

    "cheerio/domhandler/domelementtype": ["domelementtype@2.3.0", "", {}, "sha512-OLETBj6w0OsagBwdXnPdN0cnMfF9opN69co+7ZrbfPGrdpPVNBUj02spi6B1N7wChLQiPn4CSH/zJvXw56gmHw=="],

    "css-select/domhandler/domelementtype": ["domelementtype@2.3.0", "", {}, "sha512-OLETBj6w0OsagBwdXnPdN0cnMfF9opN69co+7ZrbfPGrdpPVNBUj02spi6B1N7wChLQiPn4CSH/zJvXw56gmHw=="],

    "parse5-htmlparser2-tree-adapter/domhandler/domelementtype": ["domelementtype@2.3.0", "", {}, "sha512-OLETBj6w0OsagBwdXnPdN0cnMfF9opN69co+7ZrbfPGrdpPVNBUj02spi6B1N7wChLQiPn4CSH/zJvXw56gmHw=="],
  }
}
